version = 1
revision = 3
requires-python = ">=3.12"

[[package]]
name = "1tbtestsinglenode"
version = "0.1.0"
source = { virtual = "." }
dependencies = [
    { name = "boto3" },
    { name = "daft" },
    { name = "duckdb" },
    { name = "polars" },
    { name = "pyarrow" },
]

[package.metadata]
requires-dist = [
    { name = "boto3", specifier = ">=1.34.0" },
    { name = "daft", specifier = ">=0.7.2" },
    { name = "duckdb", specifier = ">=1.4.3" },
    { name = "polars", specifier = ">=1.36.1" },
    { name = "pyarrow", specifier = ">=22.0.0" },
]

[[package]]
name = "boto3"
version = "1.42.17"
source = { registry = "https://pypi.org/simple" }
dependencies = [
    { name = "botocore" },
    { name = "jmespath" },
    { name = "s3transfer" },
]
sdist = { url = "https://files.pythonhosted.org/packages/8d/cf/6e4a794e73cbf3e774ec27a5acc8442ce55d97cfc5226a20c1f58d8aee16/boto3-1.42.17.tar.gz", hash = "sha256:8a2e345e96d5ceba755c55539c93f99705f403fbfdeef2e838eabdc56750828b", size = 112776, upload-time = "2025-12-26T20:33:38.289Z" }
wheels = [
    { url = "https://files.pythonhosted.org/packages/6c/53/9f4241152eb1f5a57351232c14ef411ef35fbcc1d97a63873235d0503a8a/boto3-1.42.17-py3-none-any.whl", hash = "sha256:e0ee40f7102712452f6776af891c8f49b5ae9133bdaf22711d6f4a78963c2614", size = 140572, upload-time = "2025-12-26T20:33:36.307Z" },
]

[[package]]
name = "botocore"
version = "1.42.17"
source = { registry = "https://pypi.org/simple" }
dependencies = [
    { name = "jmespath" },
    { name = "python-dateutil" },
    { name = "urllib3" },
]
sdist = { url = "https://files.pythonhosted.org/packages/4d/d2/128e2d8b9d426bd3a339e7dcf3eedca55f449af121604b6891ae80f6be9a/botocore-1.42.17.tar.gz", hash = "sha256:d73fe22c8e1497e4d59ff7dc68eb05afac68a4a6457656811562285d6132bc04", size = 14911757, upload-time = "2025-12-26T20:33:27.641Z" }
wheels = [
    { url = "https://files.pythonhosted.org/packages/d1/47/cc00f2421f49784de8b9113c94b7b6580db989721f5109a24b9108308fe1/botocore-1.42.17-py3-none-any.whl", hash = "sha256:a832e4c04e63141221480967e9e511363aa54d24c405935fccb913a18583c96b", size = 14586536, upload-time = "2025-12-26T20:33:24.032Z" },
]

[[package]]
name = "colorama"
version = "0.4.6"
source = { registry = "https://pypi.org/simple" }
sdist = { url = "https://files.pythonhosted.org/packages/d8/53/6f443c9a4a8358a93a6792e2acffb9d9d5cb0a5cfd8802644b7b1c9a02e4/colorama-0.4.6.tar.gz", hash = "sha256:08695f5cb7ed6e0531a20572697297273c47b8cae5a63ffc6d6ed5c201be6e44", size = 27697, upload-time = "2022-10-25T02:36:22.414Z" }
wheels = [
    { url = "https://files.pythonhosted.org/packages/d1/d6/3965ed04c63042e047cb6a3e6ed1a63a35087b6a609aa3a15ed8ac56c221/colorama-0.4.6-py2.py3-none-any.whl", hash = "sha256:4f1d9991f5acc0ca119f9d443620b77f9d6b33703e51011c16baf57afb285fc6", size = 25335, upload-time = "2022-10-25T02:36:20.889Z" },
]

[[package]]
name = "daft"
version = "0.7.2"
source = { registry = "https://pypi.org/simple" }
dependencies = [
    { name = "fsspec" },
    { name = "packaging" },
    { name = "pyarrow" },
    { name = "tqdm" },
]
sdist = { url = "https://files.pythonhosted.org/packages/5e/fb/663bc2643ac4950c7aaa70349c3e823ba1cf4b53a977ecb8eb4a721fbd6e/daft-0.7.2.tar.gz", hash = "sha256:b942cb1c42bba5e52cdf94099bfb89064ad28892d2a53278d091747623cfd59c", size = 2825150, upload-time = "2026-01-16T00:03:49.751Z" }
wheels = [
    { url = "https://files.pythonhosted.org/packages/bb/01/7810740578ac449e8832a3c9a40c5a6f65a256a0ab34f64298f998a48314/daft-0.7.2-cp310-abi3-macosx_10_12_x86_64.whl", hash = "sha256:3d78c19c811e3a45f303930d8162dfaf2743da691dbf06796d433c680589dcc6", size = 49830445, upload-time = "2026-01-16T00:03:16.998Z" },
    { url = "https://files.pythonhosted.org/packages/89/b6/8bcfec549615b049e5b22e9d804d58cbbbf47c30b54dbc240820a0f57d34/daft-0.7.2-cp310-abi3-macosx_11_0_arm64.whl", hash = "sha256:d0e107ded117d465752b11e324d49c7ab99c6941e5f94e70d26a8071a0bab5f2", size = 46359835, upload-time = "2026-01-16T00:03:20.46Z" },
    { url = "https://files.pythonhosted.org/packages/81/e6/3727585821dd8206e0659b32bd39ad223e5a41758b6361b92ad4e4551256/daft-0.7.2-cp310-abi3-manylinux_2_24_aarch64.whl", hash = "sha256:9aa43b67584606984ffc3ca049462d892874caf47a030c0573286099317751ea", size = 48093808, upload-time = "2026-01-16T00:03:23.477Z" },
    { url = "https://files.pythonhosted.org/packages/45/4d/cc52e6565b72b66fdf29b385624c39d4432c136c9c2d9a343a182c99f6a5/daft-0.7.2-cp310-abi3-manylinux_2_24_x86_64.whl", hash = "sha256:7674f070f26736682bc7f396d97d5863e61ad30844707e2fc485f958b7a1168f", size = 50104836, upload-time = "2026-01-16T00:03:26.837Z" },
    { url = "https://files.pythonhosted.org/packages/cd/d0/e741f8c5271a204676e7ec3e10622667196ef8910352d2cc3a5453d839d4/daft-0.7.2-cp310-abi3-win_amd64.whl", hash = "sha256:ce83bc93632827a69e782095585c1385e63a5d0e4d5a0ebda1dc17fa7fc55d79", size = 48704325, upload-time = "2026-01-16T00:03:30.999Z" },
]

[[package]]
name = "duckdb"
version = "1.4.3"
source = { registry = "https://pypi.org/simple" }
sdist = { url = "https://files.pythonhosted.org/packages/7f/da/17c3eb5458af69d54dedc8d18e4a32ceaa8ce4d4c699d45d6d8287e790c3/duckdb-1.4.3.tar.gz", hash = "sha256:fea43e03604c713e25a25211ada87d30cd2a044d8f27afab5deba26ac49e5268", size = 18478418, upload-time = "2025-12-09T10:59:22.945Z" }
wheels = [
    { url = "https://files.pythonhosted.org/packages/5a/d7/fdc2139b94297fc5659110a38adde293d025e320673ae5e472b95d323c50/duckdb-1.4.3-cp312-cp312-macosx_10_13_universal2.whl", hash = "sha256:6302452e57aef29aae3977063810ed7b2927967b97912947b9cca45c1c21955f", size = 29033112, upload-time = "2025-12-09T10:58:16.52Z" },
    { url = "https://files.pythonhosted.org/packages/eb/d9/ca93df1ce19aef8f799e3aaacf754a4dde7e9169c0b333557752d21d076a/duckdb-1.4.3-cp312-cp312-macosx_10_13_x86_64.whl", hash = "sha256:deab351ac43b6282a3270e3d40e3d57b3b50f472d9fd8c30975d88a31be41231", size = 15414646, upload-time = "2025-12-09T10:58:19.36Z" },
    { url = "https://files.pythonhosted.org/packages/16/90/9f2748e740f5fc05b739e7c5c25aab6ab4363e5da4c3c70419c7121dc806/duckdb-1.4.3-cp312-cp312-macosx_11_0_arm64.whl", hash = "sha256:5634e40e1e2d972e4f75bced1fbdd9e9e90faa26445c1052b27de97ee546944a", size = 13740477, upload-time = "2025-12-09T10:58:21.778Z" },
    { url = "https://files.pythonhosted.org/packages/5f/ec/279723615b4fb454efd823b7efe97cf2504569e2e74d15defbbd6b027901/duckdb-1.4.3-cp312-cp312-manylinux_2_26_aarch64.manylinux_2_28_aarch64.whl", hash = "sha256:274d4a31aba63115f23e7e7b401e3e3a937f3626dc9dea820a9c7d3073f450d2", size = 18483715, upload-time = "2025-12-09T10:58:24.346Z" },
    { url = "https://files.pythonhosted.org/packages/10/63/af20cd20fd7fd6565ea5a1578c16157b6a6e07923e459a6f9b0dc9ada308/duckdb-1.4.3-cp312-cp312-manylinux_2_26_x86_64.manylinux_2_28_x86_64.whl", hash = "sha256:4f868a7e6d9b37274a1aa34849ea92aa964e9bd59a5237d6c17e8540533a1e4f", size = 20495188, upload-time = "2025-12-09T10:58:26.806Z" },
    { url = "https://files.pythonhosted.org/packages/8c/ab/0acb4b64afb2cc6c1d458a391c64e36be40137460f176c04686c965ce0e0/duckdb-1.4.3-cp312-cp312-win_amd64.whl", hash = "sha256:ef7ef15347ce97201b1b5182a5697682679b04c3374d5a01ac10ba31cf791b95", size = 12335622, upload-time = "2025-12-09T10:58:29.707Z" },
    { url = "https://files.pythonhosted.org/packages/50/d5/2a795745f6597a5e65770141da6efdc4fd754e5ee6d652f74bcb7f9c7759/duckdb-1.4.3-cp312-cp312-win_arm64.whl", hash = "sha256:1b9b445970fd18274d5ac07a0b24c032e228f967332fb5ebab3d7db27738c0e4", size = 13075834, upload-time = "2025-12-09T10:58:32.036Z" },
    { url = "https://files.pythonhosted.org/packages/fd/76/288cca43a10ddd082788e1a71f1dc68d9130b5d078c3ffd0edf2f3a8719f/duckdb-1.4.3-cp313-cp313-macosx_10_13_universal2.whl", hash = "sha256:16952ac05bd7e7b39946695452bf450db1ebbe387e1e7178e10f593f2ea7b9a8", size = 29033392, upload-time = "2025-12-09T10:58:34.631Z" },
    { url = "https://files.pythonhosted.org/packages/64/07/cbad3d3da24af4d1add9bccb5fb390fac726ffa0c0cebd29bf5591cef334/duckdb-1.4.3-cp313-cp313-macosx_10_13_x86_64.whl", hash = "sha256:de984cd24a6cbefdd6d4a349f7b9a46e583ca3e58ce10d8def0b20a6e5fcbe78", size = 15414567, upload-time = "2025-12-09T10:58:37.051Z" },
    { url = "https://files.pythonhosted.org/packages/c4/19/57af0cc66ba2ffb8900f567c9aec188c6ab2a7b3f2260e9c6c3c5f9b57b1/duckdb-1.4.3-cp313-cp313-macosx_11_0_arm64.whl", hash = "sha256:1e5457dda91b67258aae30fb1a0df84183a9f6cd27abac1d5536c0d876c6dfa1", size = 13740960, upload-time = "2025-12-09T10:58:39.658Z" },
    { url = "https://files.pythonhosted.org/packages/73/dd/23152458cf5fd51e813fadda60b9b5f011517634aa4bb9301f5f3aa951d8/duckdb-1.4.3-cp313-cp313-manylinux_2_26_aarch64.manylinux_2_28_aarch64.whl", hash = "sha256:006aca6a6d6736c441b02ff5c7600b099bb8b7f4de094b8b062137efddce42df", size = 18484312, upload-time = "2025-12-09T10:58:42.054Z" },
    { url = "https://files.pythonhosted.org/packages/1a/7b/adf3f611f11997fc429d4b00a730604b65d952417f36a10c4be6e38e064d/duckdb-1.4.3-cp313-cp313-manylinux_2_26_x86_64.manylinux_2_28_x86_64.whl", hash = "sha256:a2813f4635f4d6681cc3304020374c46aca82758c6740d7edbc237fe3aae2744", size = 20495571, upload-time = "2025-12-09T10:58:44.646Z" },
    { url = "https://files.pythonhosted.org/packages/40/d5/6b7ddda7713a788ab2d622c7267ec317718f2bdc746ce1fca49b7ff0e50f/duckdb-1.4.3-cp313-cp313-win_amd64.whl", hash = "sha256:6db124f53a3edcb32b0a896ad3519e37477f7e67bf4811cb41ab60c1ef74e4c8", size = 12335680, upload-time = "2025-12-09T10:58:46.883Z" },
    { url = "https://files.pythonhosted.org/packages/e8/28/0670135cf54525081fded9bac1254f78984e3b96a6059cd15aca262e3430/duckdb-1.4.3-cp313-cp313-win_arm64.whl", hash = "sha256:a8b0a8764e1b5dd043d168c8f749314f7a1252b5a260fa415adaa26fa3b958fd", size = 13075161, upload-time = "2025-12-09T10:58:49.47Z" },
    { url = "https://files.pythonhosted.org/packages/b6/f4/a38651e478fa41eeb8e43a0a9c0d4cd8633adea856e3ac5ac95124b0fdbf/duckdb-1.4.3-cp314-cp314-macosx_10_15_universal2.whl", hash = "sha256:316711a9e852bcfe1ed6241a5f654983f67e909e290495f3562cccdf43be8180", size = 29042272, upload-time = "2025-12-09T10:58:51.826Z" },
    { url = "https://files.pythonhosted.org/packages/16/de/2cf171a66098ce5aeeb7371511bd2b3d7b73a2090603b0b9df39f8aaf814/duckdb-1.4.3-cp314-cp314-macosx_10_15_x86_64.whl", hash = "sha256:9e625b2b4d52bafa1fd0ebdb0990c3961dac8bb00e30d327185de95b68202131", size = 15419343, upload-time = "2025-12-09T10:58:54.439Z" },
    { url = "https://files.pythonhosted.org/packages/35/28/6b0a7830828d4e9a37420d87e80fe6171d2869a9d3d960bf5d7c3b8c7ee4/duckdb-1.4.3-cp314-cp314-macosx_11_0_arm64.whl", hash = "sha256:130c6760f6c573f9c9fe9aba56adba0fab48811a4871b7b8fd667318b4a3e8da", size = 13748905, upload-time = "2025-12-09T10:58:56.656Z" },
    { url = "https://files.pythonhosted.org/packages/15/4d/778628e194d63967870873b9581c8a6b4626974aa4fbe09f32708a2d3d3a/duckdb-1.4.3-cp314-cp314-manylinux_2_26_aarch64.manylinux_2_28_aarch64.whl", hash = "sha256:20c88effaa557a11267706b01419c542fe42f893dee66e5a6daa5974ea2d4a46", size = 18487261, upload-time = "2025-12-09T10:58:58.866Z" },
    { url = "https://files.pythonhosted.org/packages/c6/5f/87e43af2e4a0135f9675449563e7c2f9b6f1fe6a2d1691c96b091f3904dd/duckdb-1.4.3-cp314-cp314-manylinux_2_26_x86_64.manylinux_2_28_x86_64.whl", hash = "sha256:1b35491db98ccd11d151165497c084a9d29d3dc42fc80abea2715a6c861ca43d", size = 20497138, upload-time = "2025-12-09T10:59:01.241Z" },
    { url = "https://files.pythonhosted.org/packages/94/41/abec537cc7c519121a2a83b9a6f180af8915fabb433777dc147744513e74/duckdb-1.4.3-cp314-cp314-win_amd64.whl", hash = "sha256:23b12854032c1a58d0452e2b212afa908d4ce64171862f3792ba9a596ba7c765", size = 12836056, upload-time = "2025-12-09T10:59:03.388Z" },
    { url = "https://files.pythonhosted.org/packages/b1/5a/8af5b96ce5622b6168854f479ce846cf7fb589813dcc7d8724233c37ded3/duckdb-1.4.3-cp314-cp314-win_arm64.whl", hash = "sha256:90f241f25cffe7241bf9f376754a5845c74775e00e1c5731119dc88cd71e0cb2", size = 13527759, upload-time = "2025-12-09T10:59:05.496Z" },
]

[[package]]
name = "fsspec"
version = "2025.10.0"
source = { registry = "https://pypi.org/simple" }
sdist = { url = "https://files.pythonhosted.org/packages/24/7f/2747c0d332b9acfa75dc84447a066fdf812b5a6b8d30472b74d309bfe8cb/fsspec-2025.10.0.tar.gz", hash = "sha256:b6789427626f068f9a83ca4e8a3cc050850b6c0f71f99ddb4f542b8266a26a59", size = 309285, upload-time = "2025-10-30T14:58:44.036Z" }
wheels = [
    { url = "https://files.pythonhosted.org/packages/eb/02/a6b21098b1d5d6249b7c5ab69dde30108a71e4e819d4a9778f1de1d5b70d/fsspec-2025.10.0-py3-none-any.whl", hash = "sha256:7c7712353ae7d875407f97715f0e1ffcc21e33d5b24556cb1e090ae9409ec61d", size = 200966, upload-time = "2025-10-30T14:58:42.53Z" },
]

[[package]]
name = "jmespath"
version = "1.0.1"
source = { registry = "https://pypi.org/simple" }
sdist = { url = "https://files.pythonhosted.org/packages/00/2a/e867e8531cf3e36b41201936b7fa7ba7b5702dbef42922193f05c8976cd6/jmespath-1.0.1.tar.gz", hash = "sha256:90261b206d6defd58fdd5e85f478bf633a2901798906be2ad389150c5c60edbe", size = 25843, upload-time = "2022-06-17T18:00:12.224Z" }
wheels = [
    { url = "https://files.pythonhosted.org/packages/31/b4/b9b800c45527aadd64d5b442f9b932b00648617eb5d63d2c7a6587b7cafc/jmespath-1.0.1-py3-none-any.whl", hash = "sha256:02e2e4cc71b5bcab88332eebf907519190dd9e6e82107fa7f83b1003a6252980", size = 20256, upload-time = "2022-06-17T18:00:10.251Z" },
]

[[package]]
name = "packaging"
version = "25.0"
source = { registry = "https://pypi.org/simple" }
sdist = { url = "https://files.pythonhosted.org/packages/a1/d4/1fc4078c65507b51b96ca8f8c3ba19e6a61c8253c72794544580a7b6c24d/packaging-25.0.tar.gz", hash = "sha256:d443872c98d677bf60f6a1f2f8c1cb748e8fe762d2bf9d3148b5599295b0fc4f", size = 165727, upload-time = "2025-04-19T11:48:59.673Z" }
wheels = [
    { url = "https://files.pythonhosted.org/packages/20/12/38679034af332785aac8774540895e234f4d07f7545804097de4b666afd8/packaging-25.0-py3-none-any.whl", hash = "sha256:29572ef2b1f17581046b3a2227d5c611fb25ec70ca1ba8554b24b0e69331a484", size = 66469, upload-time = "2025-04-19T11:48:57.875Z" },
]

[[package]]
name = "polars"
version = "1.36.1"
source = { registry = "https://pypi.org/simple" }
dependencies = [
    { name = "polars-runtime-32" },
]
sdist = { url = "https://files.pythonhosted.org/packages/9f/dc/56f2a90c79a2cb13f9e956eab6385effe54216ae7a2068b3a6406bae4345/polars-1.36.1.tar.gz", hash = "sha256:12c7616a2305559144711ab73eaa18814f7aa898c522e7645014b68f1432d54c", size = 711993, upload-time = "2025-12-10T01:14:53.033Z" }
wheels = [
    { url = "https://files.pythonhosted.org/packages/f6/c6/36a1b874036b49893ecae0ac44a2f63d1a76e6212631a5b2f50a86e0e8af/polars-1.36.1-py3-none-any.whl", hash = "sha256:853c1bbb237add6a5f6d133c15094a9b727d66dd6a4eb91dbb07cdb056b2b8ef", size = 802429, upload-time = "2025-12-10T01:13:53.838Z" },
]

[[package]]
name = "polars-runtime-32"
version = "1.36.1"
source = { registry = "https://pypi.org/simple" }
sdist = { url = "https://files.pythonhosted.org/packages/31/df/597c0ef5eb8d761a16d72327846599b57c5d40d7f9e74306fc154aba8c37/polars_runtime_32-1.36.1.tar.gz", hash = "sha256:201c2cfd80ceb5d5cd7b63085b5fd08d6ae6554f922bcb941035e39638528a09", size = 2788751, upload-time = "2025-12-10T01:14:54.172Z" }
wheels = [
    { url = "https://files.pythonhosted.org/packages/e1/ea/871129a2d296966c0925b078a9a93c6c5e7facb1c5eebfcd3d5811aeddc1/polars_runtime_32-1.36.1-cp39-abi3-macosx_10_12_x86_64.whl", hash = "sha256:327b621ca82594f277751f7e23d4b939ebd1be18d54b4cdf7a2f8406cecc18b2", size = 43494311, upload-time = "2025-12-10T01:13:56.096Z" },
    { url = "https://files.pythonhosted.org/packages/d8/76/0038210ad1e526ce5bb2933b13760d6b986b3045eccc1338e661bd656f77/polars_runtime_32-1.36.1-cp39-abi3-macosx_11_0_arm64.whl", hash = "sha256:ab0d1f23084afee2b97de8c37aa3e02ec3569749ae39571bd89e7a8b11ae9e83", size = 39300602, upload-time = "2025-12-10T01:13:59.366Z" },
    { url = "https://files.pythonhosted.org/packages/54/1e/2707bee75a780a953a77a2c59829ee90ef55708f02fc4add761c579bf76e/polars_runtime_32-1.36.1-cp39-abi3-manylinux_2_17_x86_64.manylinux2014_x86_64.whl", hash = "sha256:899b9ad2e47ceb31eb157f27a09dbc2047efbf4969a923a6b1ba7f0412c3e64c", size = 44511780, upload-time = "2025-12-10T01:14:02.285Z" },
    { url = "https://files.pythonhosted.org/packages/11/b2/3fede95feee441be64b4bcb32444679a8fbb7a453a10251583053f6efe52/polars_runtime_32-1.36.1-cp39-abi3-manylinux_2_24_aarch64.whl", hash = "sha256:d9d077bb9df711bc635a86540df48242bb91975b353e53ef261c6fae6cb0948f", size = 40688448, upload-time = "2025-12-10T01:14:05.131Z" },
    { url = "https://files.pythonhosted.org/packages/05/0f/e629713a72999939b7b4bfdbf030a32794db588b04fdf3dc977dd8ea6c53/polars_runtime_32-1.36.1-cp39-abi3-win_amd64.whl", hash = "sha256:cc17101f28c9a169ff8b5b8d4977a3683cd403621841623825525f440b564cf0", size = 44464898, upload-time = "2025-12-10T01:14:08.296Z" },
    { url = "https://files.pythonhosted.org/packages/d1/d8/a12e6aa14f63784cead437083319ec7cece0d5bb9a5bfe7678cc6578b52a/polars_runtime_32-1.36.1-cp39-abi3-win_arm64.whl", hash = "sha256:809e73857be71250141225ddd5d2b30c97e6340aeaa0d445f930e01bef6888dc", size = 39798896, upload-time = "2025-12-10T01:14:11.568Z" },
]

[[package]]
name = "pyarrow"
version = "22.0.0"
source = { registry = "https://pypi.org/simple" }
sdist = { url = "https://files.pythonhosted.org/packages/30/53/04a7fdc63e6056116c9ddc8b43bc28c12cdd181b85cbeadb79278475f3ae/pyarrow-22.0.0.tar.gz", hash = "sha256:3d600dc583260d845c7d8a6db540339dd883081925da2bd1c5cb808f720b3cd9", size = 1151151, upload-time = "2025-10-24T12:30:00.762Z" }
wheels = [
    { url = "https://files.pythonhosted.org/packages/af/63/ba23862d69652f85b615ca14ad14f3bcfc5bf1b99ef3f0cd04ff93fdad5a/pyarrow-22.0.0-cp312-cp312-macosx_12_0_arm64.whl", hash = "sha256:bea79263d55c24a32b0d79c00a1c58bb2ee5f0757ed95656b01c0fb310c5af3d", size = 34211578, upload-time = "2025-10-24T10:05:21.583Z" },
    { url = "https://files.pythonhosted.org/packages/b1/d0/f9ad86fe809efd2bcc8be32032fa72e8b0d112b01ae56a053006376c5930/pyarrow-22.0.0-cp312-cp312-macosx_12_0_x86_64.whl", hash = "sha256:12fe549c9b10ac98c91cf791d2945e878875d95508e1a5d14091a7aaa66d9cf8", size = 35989906, upload-time = "2025-10-24T10:05:29.485Z" },
    { url = "https://files.pythonhosted.org/packages/b4/a8/f910afcb14630e64d673f15904ec27dd31f1e009b77033c365c84e8c1e1d/pyarrow-22.0.0-cp312-cp312-manylinux_2_28_aarch64.whl", hash = "sha256:334f900ff08ce0423407af97e6c26ad5d4e3b0763645559ece6fbf3747d6a8f5", size = 45021677, upload-time = "2025-10-24T10:05:38.274Z" },
    { url = "https://files.pythonhosted.org/packages/13/95/aec81f781c75cd10554dc17a25849c720d54feafb6f7847690478dcf5ef8/pyarrow-22.0.0-cp312-cp312-manylinux_2_28_x86_64.whl", hash = "sha256:c6c791b09c57ed76a18b03f2631753a4960eefbbca80f846da8baefc6491fcfe", size = 47726315, upload-time = "2025-10-24T10:05:47.314Z" },
    { url = "https://files.pythonhosted.org/packages/bb/d4/74ac9f7a54cfde12ee42734ea25d5a3c9a45db78f9def949307a92720d37/pyarrow-22.0.0-cp312-cp312-musllinux_1_2_aarch64.whl", hash = "sha256:c3200cb41cdbc65156e5f8c908d739b0dfed57e890329413da2748d1a2cd1a4e", size = 47990906, upload-time = "2025-10-24T10:05:58.254Z" },
    { url = "https://files.pythonhosted.org/packages/2e/71/fedf2499bf7a95062eafc989ace56572f3343432570e1c54e6599d5b88da/pyarrow-22.0.0-cp312-cp312-musllinux_1_2_x86_64.whl", hash = "sha256:ac93252226cf288753d8b46280f4edf3433bf9508b6977f8dd8526b521a1bbb9", size = 50306783, upload-time = "2025-10-24T10:06:08.08Z" },
    { url = "https://files.pythonhosted.org/packages/68/ed/b202abd5a5b78f519722f3d29063dda03c114711093c1995a33b8e2e0f4b/pyarrow-22.0.0-cp312-cp312-win_amd64.whl", hash = "sha256:44729980b6c50a5f2bfcc2668d36c569ce17f8b17bccaf470c4313dcbbf13c9d", size = 27972883, upload-time = "2025-10-24T10:06:14.204Z" },
    { url = "https://files.pythonhosted.org/packages/a6/d6/d0fac16a2963002fc22c8fa75180a838737203d558f0ed3b564c4a54eef5/pyarrow-22.0.0-cp313-cp313-macosx_12_0_arm64.whl", hash = "sha256:e6e95176209257803a8b3d0394f21604e796dadb643d2f7ca21b66c9c0b30c9a", size = 34204629, upload-time = "2025-10-24T10:06:20.274Z" },
    { url = "https://files.pythonhosted.org/packages/c6/9c/1d6357347fbae062ad3f17082f9ebc29cc733321e892c0d2085f42a2212b/pyarrow-22.0.0-cp313-cp313-macosx_12_0_x86_64.whl", hash = "sha256:001ea83a58024818826a9e3f89bf9310a114f7e26dfe404a4c32686f97bd7901", size = 35985783, upload-time = "2025-10-24T10:06:27.301Z" },
    { url = "https://files.pythonhosted.org/packages/ff/c0/782344c2ce58afbea010150df07e3a2f5fdad299cd631697ae7bd3bac6e3/pyarrow-22.0.0-cp313-cp313-manylinux_2_28_aarch64.whl", hash = "sha256:ce20fe000754f477c8a9125543f1936ea5b8867c5406757c224d745ed033e691", size = 45020999, upload-time = "2025-10-24T10:06:35.387Z" },
    { url = "https://files.pythonhosted.org/packages/1b/8b/5362443737a5307a7b67c1017c42cd104213189b4970bf607e05faf9c525/pyarrow-22.0.0-cp313-cp313-manylinux_2_28_x86_64.whl", hash = "sha256:e0a15757fccb38c410947df156f9749ae4a3c89b2393741a50521f39a8cf202a", size = 47724601, upload-time = "2025-10-24T10:06:43.551Z" },
    { url = "https://files.pythonhosted.org/packages/69/4d/76e567a4fc2e190ee6072967cb4672b7d9249ac59ae65af2d7e3047afa3b/pyarrow-22.0.0-cp313-cp313-musllinux_1_2_aarch64.whl", hash = "sha256:cedb9dd9358e4ea1d9bce3665ce0797f6adf97ff142c8e25b46ba9cdd508e9b6", size = 48001050, upload-time = "2025-10-24T10:06:52.284Z" },
    { url = "https://files.pythonhosted.org/packages/01/5e/5653f0535d2a1aef8223cee9d92944cb6bccfee5cf1cd3f462d7cb022790/pyarrow-22.0.0-cp313-cp313-musllinux_1_2_x86_64.whl", hash = "sha256:252be4a05f9d9185bb8c18e83764ebcfea7185076c07a7a662253af3a8c07941", size = 50307877, upload-time = "2025-10-24T10:07:02.405Z" },
    { url = "https://files.pythonhosted.org/packages/2d/f8/1d0bd75bf9328a3b826e24a16e5517cd7f9fbf8d34a3184a4566ef5a7f29/pyarrow-22.0.0-cp313-cp313-win_amd64.whl", hash = "sha256:a4893d31e5ef780b6edcaf63122df0f8d321088bb0dee4c8c06eccb1ca28d145", size = 27977099, upload-time = "2025-10-24T10:08:07.259Z" },
    { url = "https://files.pythonhosted.org/packages/90/81/db56870c997805bf2b0f6eeeb2d68458bf4654652dccdcf1bf7a42d80903/pyarrow-22.0.0-cp313-cp313t-macosx_12_0_arm64.whl", hash = "sha256:f7fe3dbe871294ba70d789be16b6e7e52b418311e166e0e3cba9522f0f437fb1", size = 34336685, upload-time = "2025-10-24T10:07:11.47Z" },
    { url = "https://files.pythonhosted.org/packages/1c/98/0727947f199aba8a120f47dfc229eeb05df15bcd7a6f1b669e9f882afc58/pyarrow-22.0.0-cp313-cp313t-macosx_12_0_x86_64.whl", hash = "sha256:ba95112d15fd4f1105fb2402c4eab9068f0554435e9b7085924bcfaac2cc306f", size = 36032158, upload-time = "2025-10-24T10:07:18.626Z" },
    { url = "https://files.pythonhosted.org/packages/96/b4/9babdef9c01720a0785945c7cf550e4acd0ebcd7bdd2e6f0aa7981fa85e2/pyarrow-22.0.0-cp313-cp313t-manylinux_2_28_aarch64.whl", hash = "sha256:c064e28361c05d72eed8e744c9605cbd6d2bb7481a511c74071fd9b24bc65d7d", size = 44892060, upload-time = "2025-10-24T10:07:26.002Z" },
    { url = "https://files.pythonhosted.org/packages/f8/ca/2f8804edd6279f78a37062d813de3f16f29183874447ef6d1aadbb4efa0f/pyarrow-22.0.0-cp313-cp313t-manylinux_2_28_x86_64.whl", hash = "sha256:6f9762274496c244d951c819348afbcf212714902742225f649cf02823a6a10f", size = 47504395, upload-time = "2025-10-24T10:07:34.09Z" },
    { url = "https://files.pythonhosted.org/packages/b9/f0/77aa5198fd3943682b2e4faaf179a674f0edea0d55d326d83cb2277d9363/pyarrow-22.0.0-cp313-cp313t-musllinux_1_2_aarch64.whl", hash = "sha256:a9d9ffdc2ab696f6b15b4d1f7cec6658e1d788124418cb30030afbae31c64746", size = 48066216, upload-time = "2025-10-24T10:07:43.528Z" },
    { url = "https://files.pythonhosted.org/packages/79/87/a1937b6e78b2aff18b706d738c9e46ade5bfcf11b294e39c87706a0089ac/pyarrow-22.0.0-cp313-cp313t-musllinux_1_2_x86_64.whl", hash = "sha256:ec1a15968a9d80da01e1d30349b2b0d7cc91e96588ee324ce1b5228175043e95", size = 50288552, upload-time = "2025-10-24T10:07:53.519Z" },
    { url = "https://files.pythonhosted.org/packages/60/ae/b5a5811e11f25788ccfdaa8f26b6791c9807119dffcf80514505527c384c/pyarrow-22.0.0-cp313-cp313t-win_amd64.whl", hash = "sha256:bba208d9c7decf9961998edf5c65e3ea4355d5818dd6cd0f6809bec1afb951cc", size = 28262504, upload-time = "2025-10-24T10:08:00.932Z" },
    { url = "https://files.pythonhosted.org/packages/bd/b0/0fa4d28a8edb42b0a7144edd20befd04173ac79819547216f8a9f36f9e50/pyarrow-22.0.0-cp314-cp314-macosx_12_0_arm64.whl", hash = "sha256:9bddc2cade6561f6820d4cd73f99a0243532ad506bc510a75a5a65a522b2d74d", size = 34224062, upload-time = "2025-10-24T10:08:14.101Z" },
    { url = "https://files.pythonhosted.org/packages/0f/a8/7a719076b3c1be0acef56a07220c586f25cd24de0e3f3102b438d18ae5df/pyarrow-22.0.0-cp314-cp314-macosx_12_0_x86_64.whl", hash = "sha256:e70ff90c64419709d38c8932ea9fe1cc98415c4f87ea8da81719e43f02534bc9", size = 35990057, upload-time = "2025-10-24T10:08:21.842Z" },
    { url = "https://files.pythonhosted.org/packages/89/3c/359ed54c93b47fb6fe30ed16cdf50e3f0e8b9ccfb11b86218c3619ae50a8/pyarrow-22.0.0-cp314-cp314-manylinux_2_28_aarch64.whl", hash = "sha256:92843c305330aa94a36e706c16209cd4df274693e777ca47112617db7d0ef3d7", size = 45068002, upload-time = "2025-10-24T10:08:29.034Z" },
    { url = "https://files.pythonhosted.org/packages/55/fc/4945896cc8638536ee787a3bd6ce7cec8ec9acf452d78ec39ab328efa0a1/pyarrow-22.0.0-cp314-cp314-manylinux_2_28_x86_64.whl", hash = "sha256:6dda1ddac033d27421c20d7a7943eec60be44e0db4e079f33cc5af3b8280ccde", size = 47737765, upload-time = "2025-10-24T10:08:38.559Z" },
    { url = "https://files.pythonhosted.org/packages/cd/5e/7cb7edeb2abfaa1f79b5d5eb89432356155c8426f75d3753cbcb9592c0fd/pyarrow-22.0.0-cp314-cp314-musllinux_1_2_aarch64.whl", hash = "sha256:84378110dd9a6c06323b41b56e129c504d157d1a983ce8f5443761eb5256bafc", size = 48048139, upload-time = "2025-10-24T10:08:46.784Z" },
    { url = "https://files.pythonhosted.org/packages/88/c6/546baa7c48185f5e9d6e59277c4b19f30f48c94d9dd938c2a80d4d6b067c/pyarrow-22.0.0-cp314-cp314-musllinux_1_2_x86_64.whl", hash = "sha256:854794239111d2b88b40b6ef92aa478024d1e5074f364033e73e21e3f76b25e0", size = 50314244, upload-time = "2025-10-24T10:08:55.771Z" },
    { url = "https://files.pythonhosted.org/packages/3c/79/755ff2d145aafec8d347bf18f95e4e81c00127f06d080135dfc86aea417c/pyarrow-22.0.0-cp314-cp314-win_amd64.whl", hash = "sha256:b883fe6fd85adad7932b3271c38ac289c65b7337c2c132e9569f9d3940620730", size = 28757501, upload-time = "2025-10-24T10:09:59.891Z" },
    { url = "https://files.pythonhosted.org/packages/0e/d2/237d75ac28ced3147912954e3c1a174df43a95f4f88e467809118a8165e0/pyarrow-22.0.0-cp314-cp314t-macosx_12_0_arm64.whl", hash = "sha256:7a820d8ae11facf32585507c11f04e3f38343c1e784c9b5a8b1da5c930547fe2", size = 34355506, upload-time = "2025-10-24T10:09:02.953Z" },
    { url = "https://files.pythonhosted.org/packages/1e/2c/733dfffe6d3069740f98e57ff81007809067d68626c5faef293434d11bd6/pyarrow-22.0.0-cp314-cp314t-macosx_12_0_x86_64.whl", hash = "sha256:c6ec3675d98915bf1ec8b3c7986422682f7232ea76cad276f4c8abd5b7319b70", size = 36047312, upload-time = "2025-10-24T10:09:10.334Z" },
    { url = "https://files.pythonhosted.org/packages/7c/2b/29d6e3782dc1f299727462c1543af357a0f2c1d3c160ce199950d9ca51eb/pyarrow-22.0.0-cp314-cp314t-manylinux_2_28_aarch64.whl", hash = "sha256:3e739edd001b04f654b166204fc7a9de896cf6007eaff33409ee9e50ceaff754", size = 45081609, upload-time = "2025-10-24T10:09:18.61Z" },
    { url = "https://files.pythonhosted.org/packages/8d/42/aa9355ecc05997915af1b7b947a7f66c02dcaa927f3203b87871c114ba10/pyarrow-22.0.0-cp314-cp314t-manylinux_2_28_x86_64.whl", hash = "sha256:7388ac685cab5b279a41dfe0a6ccd99e4dbf322edfb63e02fc0443bf24134e91", size = 47703663, upload-time = "2025-10-24T10:09:27.369Z" },
    { url = "https://files.pythonhosted.org/packages/ee/62/45abedde480168e83a1de005b7b7043fd553321c1e8c5a9a114425f64842/pyarrow-22.0.0-cp314-cp314t-musllinux_1_2_aarch64.whl", hash = "sha256:f633074f36dbc33d5c05b5dc75371e5660f1dbf9c8b1d95669def05e5425989c", size = 48066543, upload-time = "2025-10-24T10:09:34.908Z" },
    { url = "https://files.pythonhosted.org/packages/84/e9/7878940a5b072e4f3bf998770acafeae13b267f9893af5f6d4ab3904b67e/pyarrow-22.0.0-cp314-cp314t-musllinux_1_2_x86_64.whl", hash = "sha256:4c19236ae2402a8663a2c8f21f1870a03cc57f0bef7e4b6eb3238cc82944de80", size = 50288838, upload-time = "2025-10-24T10:09:44.394Z" },
    { url = "https://files.pythonhosted.org/packages/7b/03/f335d6c52b4a4761bcc83499789a1e2e16d9d201a58c327a9b5cc9a41bd9/pyarrow-22.0.0-cp314-cp314t-win_amd64.whl", hash = "sha256:0c34fe18094686194f204a3b1787a27456897d8a2d62caf84b61e8dfbc0252ae", size = 29185594, upload-time = "2025-10-24T10:09:53.111Z" },
]

[[package]]
name = "python-dateutil"
version = "2.9.0.post0"
source = { registry = "https://pypi.org/simple" }
dependencies = [
    { name = "six" },
]
sdist = { url = "https://files.pythonhosted.org/packages/66/c0/0c8b6ad9f17a802ee498c46e004a0eb49bc148f2fd230864601a86dcf6db/python-dateutil-2.9.0.post0.tar.gz", hash = "sha256:37dd54208da7e1cd875388217d5e00ebd4179249f90fb72437e91a35459a0ad3", size = 342432, upload-time = "2024-03-01T18:36:20.211Z" }
wheels = [
    { url = "https://files.pythonhosted.org/packages/ec/57/56b9bcc3c9c6a792fcbaf139543cee77261f3651ca9da0c93f5c1221264b/python_dateutil-2.9.0.post0-py2.py3-none-any.whl", hash = "sha256:a8b2bc7bffae282281c8140a97d3aa9c14da0b136dfe83f850eea9a5f7470427", size = 229892, upload-time = "2024-03-01T18:36:18.57Z" },
]

[[package]]
name = "s3transfer"
version = "0.16.0"
source = { registry = "https://pypi.org/simple" }
dependencies = [
    { name = "botocore" },
]
sdist = { url = "https://files.pythonhosted.org/packages/05/04/74127fc843314818edfa81b5540e26dd537353b123a4edc563109d8f17dd/s3transfer-0.16.0.tar.gz", hash = "sha256:8e990f13268025792229cd52fa10cb7163744bf56e719e0b9cb925ab79abf920", size = 153827, upload-time = "2025-12-01T02:30:59.114Z" }
wheels = [
    { url = "https://files.pythonhosted.org/packages/fc/51/727abb13f44c1fcf6d145979e1535a35794db0f6e450a0cb46aa24732fe2/s3transfer-0.16.0-py3-none-any.whl", hash = "sha256:18e25d66fed509e3868dc1572b3f427ff947dd2c56f844a5bf09481ad3f3b2fe", size = 86830, upload-time = "2025-12-01T02:30:57.729Z" },
]

[[package]]
name = "six"
version = "1.17.0"
source = { registry = "https://pypi.org/simple" }
sdist = { url = "https://files.pythonhosted.org/packages/94/e7/b2c673351809dca68a0e064b6af791aa332cf192da575fd474ed7d6f16a2/six-1.17.0.tar.gz", hash = "sha256:ff70335d468e7eb6ec65b95b99d3a2836546063f63acc5171de367e834932a81", size = 34031, upload-time = "2024-12-04T17:35:28.174Z" }
wheels = [
    { url = "https://files.pythonhosted.org/packages/b7/ce/149a00dd41f10bc29e5921b496af8b574d8413afcd5e30dfa0ed46c2cc5e/six-1.17.0-py2.py3-none-any.whl", hash = "sha256:4721f391ed90541fddacab5acf947aa0d3dc7d27b2e1e8eda2be8970586c3274", size = 11050, upload-time = "2024-12-04T17:35:26.475Z" },
]

[[package]]
name = "tqdm"
version = "4.67.1"
source = { registry = "https://pypi.org/simple" }
dependencies = [
    { name = "colorama", marker = "sys_platform == 'win32'" },
]
sdist = { url = "https://files.pythonhosted.org/packages/a8/4b/29b4ef32e036bb34e4ab51796dd745cdba7ed47ad142a9f4a1eb8e0c744d/tqdm-4.67.1.tar.gz", hash = "sha256:f8aef9c52c08c13a65f30ea34f4e5aac3fd1a34959879d7e59e63027286627f2", size = 169737, upload-time = "2024-11-24T20:12:22.481Z" }
wheels = [
    { url = "https://files.pythonhosted.org/packages/d0/30/dc54f88dd4a2b5dc8a0279bdd7270e735851848b762aeb1c1184ed1f6b14/tqdm-4.67.1-py3-none-any.whl", hash = "sha256:26445eca388f82e72884e0d580d5464cd801a3ea01e63e5601bdff9ba6a48de2", size = 78540, upload-time = "2024-11-24T20:12:19.698Z" },
]

[[package]]
name = "urllib3"
version = "2.6.2"
source = { registry = "https://pypi.org/simple" }
sdist = { url = "https://files.pythonhosted.org/packages/1e/24/a2a2ed9addd907787d7aa0355ba36a6cadf1768b934c652ea78acbd59dcd/urllib3-2.6.2.tar.gz", hash = "sha256:016f9c98bb7e98085cb2b4b17b87d2c702975664e4f060c6532e64d1c1a5e797", size = 432930, upload-time = "2025-12-11T15:56:40.252Z" }
wheels = [
    { url = "https://files.pythonhosted.org/packages/6d/b9/4095b668ea3678bf6a0af005527f39de12fb026516fb3df17495a733b7f8/urllib3-2.6.2-py3-none-any.whl", hash = "sha256:ec21cddfe7724fc7cb4ba4bea7aa8e2ef36f607a4bab81aa6ce42a13dc3f03dd", size = 131182, upload-time = "2025-12-11T15:56:38.584Z" },
]
